
Microsoft Visual Studio Solution File, Format Version 12.00
# Visual Studio Version 16
VisualStudioVersion = 16.0.30907.101
MinimumVisualStudioVersion = 10.0.40219.1
Project("{FAE04EC0-301F-11D3-BF4B-00C04F79EFBC}") = "EXIM BANK FORM", "EXIM BANK FORM.csproj", "{CE2A4E35-BC50-43C1-A9C4-1804AA835DC9}"
EndProject
Global
	GlobalSection(SolutionConfigurationPlatforms) = preSolution
		Debug|Any CPU = Debug|Any CPU
		Release|Any CPU = Release|Any CPU
	EndGlobalSection
	GlobalSection(ProjectConfigurationPlatforms) = postSolution
		{CE2A4E35-BC50-43C1-A9C4-1804AA835DC9}.Debug|Any CPU.ActiveCfg = Debug|Any CPU
		{CE2A4E35-BC50-43C1-A9C4-1804AA835DC9}.Debug|Any CPU.Build.0 = Debug|Any CPU
		{CE2A4E35-BC50-43C1-A9C4-1804AA835DC9}.Release|Any CPU.ActiveCfg = Release|Any CPU
		{CE2A4E35-BC50-43C1-A9C4-1804AA835DC9}.Release|Any CPU.Build.0 = Release|Any CPU
	EndGlobalSection
	GlobalSection(SolutionProperties) = preSolution
		HideSolutionNode = FALSE
	EndGlobalSection
	GlobalSection(ExtensibilityGlobals) = postSolution
		SolutionGuid = {F5B7FD05-C95D-4438-A94A-7F1E9F7D45FD}
	EndGlobalSection
EndGlobal
